// !$*UTF8*$!
{
	archiveVersion = 1;
	classes = {
	};
	objectVersion = 77;
	objects = {

/* Begin PBXBuildFile section */
		ECEA01015F624D5DAF6CBF2E /* SongPacksView.swift in Sources */ = {isa = PBXBuildFile; fileRef = 4DFB9472D2BB41B7BF5AC52E /* SongPacksView.swift */; };
		AF257952DCA640D4906FFFF0 /* SongPackStore.swift in Sources */ = {isa = PBXBuildFile; fileRef = D8122F891AD54E1ABAA565D5 /* SongPackStore.swift */; };
		A12A213C05A64AC69D0E3B94 /* SongPackModels.swift in Sources */ = {isa = PBXBuildFile; fileRef = E5C85D7D6AC44B68949F37DC /* SongPackModels.swift */; };
		001F6BE14BDAF1A0A6F00A2C /* MoreView.swift in Sources */ = {isa = PBXBuildFile; fileRef = 37B9B084751C0C1099D59FE7 /* MoreView.swift */; };
		0096B6D5331F9F0E8FF3CB84 /* ChatDemoMode.swift in Sources */ = {isa = PBXBuildFile; fileRef = 1172BDB29FF145E10C031C28 /* ChatDemoMode.swift */; };
		0355F432B0E93344589A9241 /* VenueMapModels.swift in Sources */ = {isa = PBXBuildFile; fileRef = F96773E3A3A26024702E5D84 /* VenueMapModels.swift */; };
		041325F9C6E45EDC4CD28A99 /* RootView.swift in Sources */ = {isa = PBXBuildFile; fileRef = F7E5B9C3FB21EACB9FD34C8B /* RootView.swift */; };
		080C996997D121C22C44D3F1 /* RendezvousActivityAttributes.swift in Sources */ = {isa = PBXBuildFile; fileRef = C081E03DADF196CFEE5740DD /* RendezvousActivityAttributes.swift */; };
		0909D4F07BE927456A537630 /* ScheduleDataStore.swift in Sources */ = {isa = PBXBuildFile; fileRef = 773D9EE7847452C39057563C /* ScheduleDataStore.swift */; };
		240F2BD40FC6DF6BA76F1224 /* RendezvousILApp.swift in Sources */ = {isa = PBXBuildFile; fileRef = 2C5BE204DD92D7E4E4B07B02 /* RendezvousILApp.swift */; };
		24929EF0C42582C37426D063 /* RegistrationCountdownView.swift in Sources */ = {isa = PBXBuildFile; fileRef = 10BA3D6FED0463578297010C /* RegistrationCountdownView.swift */; };
		24E12CA3875598177849853F /* Ably in Frameworks */ = {isa = PBXBuildFile; productRef = 8BFDB483F89DC80A4A25F1E1 /* Ably */; };
		25466A1634E763C60FEFFBFE /* DeepLinkRouter.swift in Sources */ = {isa = PBXBuildFile; fileRef = 61C09630FEAE09AF651F5F52 /* DeepLinkRouter.swift */; };
		2A2F58835393A7A8ABBA240C /* YearFormatting.swift in Sources */ = {isa = PBXBuildFile; fileRef = BEB53092D2478D412AD3114E /* YearFormatting.swift */; };
		2ACE50E6E5E5B06D71FAC262 /* NotificationService.swift in Sources */ = {isa = PBXBuildFile; fileRef = B0F8D6E375BBF9376F2E488A /* NotificationService.swift */; };
		2C056AEC8FAB8F9E82406A37 /* NotificationService.swift in Sources */ = {isa = PBXBuildFile; fileRef = 77C4EF056AAA489147049142 /* NotificationService.swift */; };
		2F6E869CFEF9C6EBB7FEA808 /* PushRegistrationService.swift in Sources */ = {isa = PBXBuildFile; fileRef = 24CACB9C92690CC394EB341D /* PushRegistrationService.swift */; };
		2FA1CB47C5AD31BCC19C006D /* ChatDataStore.swift in Sources */ = {isa = PBXBuildFile; fileRef = FFAD31AE0B70D848AA02648A /* ChatDataStore.swift */; };
		3E7640855ECDE62A00948E3B /* CalculatorView.swift in Sources */ = {isa = PBXBuildFile; fileRef = 690D7795EC8B080C69972765 /* CalculatorView.swift */; };
		40D57A631FD567741CAF09D1 /* ScheduleShared.swift in Sources */ = {isa = PBXBuildFile; fileRef = 092E3DF0A72BACCECEE03E35 /* ScheduleShared.swift */; };
		4126E9AE149320ED218045AB /* RendezvousWidgets.swift in Sources */ = {isa = PBXBuildFile; fileRef = 5827AB9131F3A63DC2A47844 /* RendezvousWidgets.swift */; };
		43BD0772D15AB8DEBBBF9D40 /* CheckInQRScannerView.swift in Sources */ = {isa = PBXBuildFile; fileRef = A8B82CB3618AEAA7A00515AB /* CheckInQRScannerView.swift */; };
		43C393DA7DDE7C0CA8C161E8 /* FAQView.swift in Sources */ = {isa = PBXBuildFile; fileRef = A296DCF541E135FC128C1E7A /* FAQView.swift */; };
		49286F0D8C03FD5E8CA4B77F /* RendezvousActivityAttributes.swift in Sources */ = {isa = PBXBuildFile; fileRef = C081E03DADF196CFEE5740DD /* RendezvousActivityAttributes.swift */; };
		4CF50DE85564341CA1932D0B /* NotificationSettingsView.swift in Sources */ = {isa = PBXBuildFile; fileRef = 237B5BF5B8B77520EE65C132 /* NotificationSettingsView.swift */; };
		4E4A2FD796842CED9F8567FD /* RetreatNowNextSection.swift in Sources */ = {isa = PBXBuildFile; fileRef = EC36F7ED80F15611CD11B94D /* RetreatNowNextSection.swift */; };
		51ED2EABA9D44315EABB8AAA /* ChatListView.swift in Sources */ = {isa = PBXBuildFile; fileRef = E2B21229B8C516E3A062368E /* ChatListView.swift */; };
		5635A4E0BBB120EA3599E770 /* AppSession.swift in Sources */ = {isa = PBXBuildFile; fileRef = 466D237AE8A926FC5CADD2F6 /* AppSession.swift */; };
		56D096FAE066C36B12EDC251 /* AdminDashboardView.swift in Sources */ = {isa = PBXBuildFile; fileRef = C481A10CBFA7092E0BDAC5AA /* AdminDashboardView.swift */; };
		59F95F230F6B56C64AA99218 /* HomeBoardModels.swift in Sources */ = {isa = PBXBuildFile; fileRef = 64179816F2B892D24E404042 /* HomeBoardModels.swift */; };
		5BAF46E2ACA9E65CA42DFFA7 /* WelcomeHubView.swift in Sources */ = {isa = PBXBuildFile; fileRef = 5F12213D5157AC4235B6DE75 /* WelcomeHubView.swift */; };
		64C312B89BE0793B46BA318F /* FamilyVolunteeringView.swift in Sources */ = {isa = PBXBuildFile; fileRef = 8E75E2F787CFD5C0C443F208 /* FamilyVolunteeringView.swift */; };
		66742AE51B59989BF039B477 /* APIClient.swift in Sources */ = {isa = PBXBuildFile; fileRef = 1A62644C156B0B0D6EADBF84 /* APIClient.swift */; };
		709C33B84426E71DA13A5F19 /* DirectoryView.swift in Sources */ = {isa = PBXBuildFile; fileRef = BDFCA925CF2F46C536CF5593 /* DirectoryView.swift */; };
		73318A87943BEA4B8F1893F9 /* venue-map.json in Resources */ = {isa = PBXBuildFile; fileRef = 02E3AB80D204DA8640DDA2E4 /* venue-map.json */; };
		737230A76DDE9FEDE4B66B51 /* VolunteerReminderService.swift in Sources */ = {isa = PBXBuildFile; fileRef = 4297DFF22E728AAA08368FF3 /* VolunteerReminderService.swift */; };
		748AA24E1EAA9DFD4C151A9D /* ChatPhotoViewer.swift in Sources */ = {isa = PBXBuildFile; fileRef = 0224F790B72595846190F6C8 /* ChatPhotoViewer.swift */; };
		7568F6D233AF16EAEA555420 /* BibleBowlView.swift in Sources */ = {isa = PBXBuildFile; fileRef = 8BDA213F53DB325886659882 /* BibleBowlView.swift */; };
		7DA728921F342EA02A46E62B /* AdminUserModels.swift in Sources */ = {isa = PBXBuildFile; fileRef = 4BF3FBBFCE2EF235B3B1F1D9 /* AdminUserModels.swift */; };
		8101634629AF3C73A1E2EE29 /* AppStoreScreenshotMode.swift in Sources */ = {isa = PBXBuildFile; fileRef = 4DDBF4B4F010F7A0FFA06C77 /* AppStoreScreenshotMode.swift */; };
		82553140B28F7CC2EA40A2A2 /* BrandColors.swift in Sources */ = {isa = PBXBuildFile; fileRef = 5079917DD576A66F72E89EF5 /* BrandColors.swift */; };
		82B6C946BB374B347B58B7A6 /* Assets.xcassets in Resources */ = {isa = PBXBuildFile; fileRef = DC68024E8C93B6FAC44F6EAC /* Assets.xcassets */; };
		87F44843C569F4A9E538FCB4 /* RendezvousILNotificationService.appex in Embed Foundation Extensions */ = {isa = PBXBuildFile; fileRef = D6BCF9EAD6FCEF5E52A74CD5 /* RendezvousILNotificationService.appex */; settings = {ATTRIBUTES = (RemoveHeadersOnCopy, ); }; };
		8B4303C55E7D02D010F6E41B /* RendezvousRepository.swift in Sources */ = {isa = PBXBuildFile; fileRef = 07C50D82EE938B688ECCFCD4 /* RendezvousRepository.swift */; };
		8BF585E509998F0FAB97B470 /* CarPlayDataProvider.swift in Sources */ = {isa = PBXBuildFile; fileRef = B9ABB515A2E6B2757302E7F3 /* CarPlayDataProvider.swift */; };
		9453DC75B3A3E9746AB9B2B6 /* RendezvousILWidgets.appex in Embed Foundation Extensions */ = {isa = PBXBuildFile; fileRef = 7E803E192474632267A01C74 /* RendezvousILWidgets.appex */; settings = {ATTRIBUTES = (RemoveHeadersOnCopy, ); }; };
		9AFC09B1C3BFA8FB6D3A70F3 /* CampusLocationMonitor.swift in Sources */ = {isa = PBXBuildFile; fileRef = 008D20E8BE6CD25A13CBA988 /* CampusLocationMonitor.swift */; };
		A1C531FA1B839739791C34BE /* FamilyDirectoryManageView.swift in Sources */ = {isa = PBXBuildFile; fileRef = 13FDED7BA671DC4135511810 /* FamilyDirectoryManageView.swift */; };
		A24919D11C464AEF4CC1FD46 /* AblyService.swift in Sources */ = {isa = PBXBuildFile; fileRef = 41FB932F01023F1967486D44 /* AblyService.swift */; };
		A2618CC5253AF40696E61355 /* YearFormatting.swift in Sources */ = {isa = PBXBuildFile; fileRef = BEB53092D2478D412AD3114E /* YearFormatting.swift */; };
		A500969739655BF5628136F0 /* AppConfig.swift in Sources */ = {isa = PBXBuildFile; fileRef = 4D1AD3F114E29E028A68BB4E /* AppConfig.swift */; };
		A5C7F695E3ACBC367467F167 /* AboutView.swift in Sources */ = {isa = PBXBuildFile; fileRef = 17E9348A90094B82009B4CBD /* AboutView.swift */; };
		A6695420B13B1E422B58B7AA /* UpdatesView.swift in Sources */ = {isa = PBXBuildFile; fileRef = 41381ABB5514CB0C7608D0B0 /* UpdatesView.swift */; };
		A9AEC700192817C9BB740EC4 /* DirectoryDataStore.swift in Sources */ = {isa = PBXBuildFile; fileRef = 1DAEEF46A6CDDDEE3F2185E9 /* DirectoryDataStore.swift */; };
		AC921200D398D7BEA41C70E0 /* ScheduleView.swift in Sources */ = {isa = PBXBuildFile; fileRef = 613DC0E4AA30786A2A78BB63 /* ScheduleView.swift */; };
		ADA22A3B77F9F98440833E10 /* ContentView.swift in Sources */ = {isa = PBXBuildFile; fileRef = 8EE33E00CE0327288EBBC1EF /* ContentView.swift */; };
		AFA8B01C44C837F91E7A0ED6 /* VenueMapView.swift in Sources */ = {isa = PBXBuildFile; fileRef = 0FE407421254F1FD65DD9F86 /* VenueMapView.swift */; };
		B3FC900548485BBE0D5A1121 /* AppEnvironment.swift in Sources */ = {isa = PBXBuildFile; fileRef = F93DC358023809E27C05FF3B /* AppEnvironment.swift */; };
		C064E3A1770F545A45AC837B /* ClerkAuthSheet.swift in Sources */ = {isa = PBXBuildFile; fileRef = 8DD2170CD6154F19D976FE7A /* ClerkAuthSheet.swift */; };
		C369F9523533DB0DD8577F6F /* AppDelegate.swift in Sources */ = {isa = PBXBuildFile; fileRef = 7C4A6901F985DC2D62D1A98D /* AppDelegate.swift */; };
		C606759A7AD5230A97689271 /* ReminderService.swift in Sources */ = {isa = PBXBuildFile; fileRef = 925104CC717795170B3F3923 /* ReminderService.swift */; };
		C773298BAC9BB89AC5FA1C3F /* Clerk in Frameworks */ = {isa = PBXBuildFile; productRef = F7380DA0009DE9DED43BE6B1 /* Clerk */; };
		CF3382D8A42D8FE19E83FF6F /* ScheduleShared.swift in Sources */ = {isa = PBXBuildFile; fileRef = 092E3DF0A72BACCECEE03E35 /* ScheduleShared.swift */; };
		D7D9A0E82A4FB69953072D2D /* EventReminderSheet.swift in Sources */ = {isa = PBXBuildFile; fileRef = C9DDD133CDB46828BF6E765E /* EventReminderSheet.swift */; };
		D86BEEC888D2FD2000B7CBCD /* schedule-fallback.json in Resources */ = {isa = PBXBuildFile; fileRef = FCDBD34429936681124138B5 /* schedule-fallback.json */; };
		D946492B75289CE18C0C4AF7 /* CheckInView.swift in Sources */ = {isa = PBXBuildFile; fileRef = B27D1FB23F519523E3C7AE87 /* CheckInView.swift */; };
		E34D277B093C78B4B9F4368E /* CarPlaySceneDelegate.swift in Sources */ = {isa = PBXBuildFile; fileRef = 567CD5A88BC1074C79EF3891 /* CarPlaySceneDelegate.swift */; };
		E684A3B3E7C19748BB83302B /* ChatFormatting.swift in Sources */ = {isa = PBXBuildFile; fileRef = EA42AAF64E35D2BC5008BA39 /* ChatFormatting.swift */; };
		E9A3538651056E006A467139 /* ChatThreadView.swift in Sources */ = {isa = PBXBuildFile; fileRef = 33566839E96130B158BA3681 /* ChatThreadView.swift */; };
		EB813C8733397959B05BC1E9 /* AdminUsersView.swift in Sources */ = {isa = PBXBuildFile; fileRef = D039A64635C0EF6FF3B6D3E3 /* AdminUsersView.swift */; };
		F088695FBE1CEAF5040CB93F /* HomeBoardDataStore.swift in Sources */ = {isa = PBXBuildFile; fileRef = F69A3152020B03D79A56028C /* HomeBoardDataStore.swift */; };
		F31031239434555D31490B94 /* LiveActivityManager.swift in Sources */ = {isa = PBXBuildFile; fileRef = E1375EFD2C7FB2D5CFD77868 /* LiveActivityManager.swift */; };
		F3C879A023201FC4FC71526E /* ChatModels.swift in Sources */ = {isa = PBXBuildFile; fileRef = 4E4BCFAB9A88FD07F6BC8449 /* ChatModels.swift */; };
		F479995288779FDB1AC64AA0 /* GlassCard.swift in Sources */ = {isa = PBXBuildFile; fileRef = EFF734E540241619F176611A /* GlassCard.swift */; };
		F64EE8546EE1937D9C940FD5 /* AppModels.swift in Sources */ = {isa = PBXBuildFile; fileRef = ED599FD2D648050CE74D667A /* AppModels.swift */; };
		F763B88C4136397DCED07719 /* BundledContent.swift in Sources */ = {isa = PBXBuildFile; fileRef = CE395596786297E49CC999A2 /* BundledContent.swift */; };
		FA4F95660BD093B3CD651F30 /* AccountView.swift in Sources */ = {isa = PBXBuildFile; fileRef = 470F82732BB7CA2F2667959E /* AccountView.swift */; };
		FF1AD4CD38FD1EA57B8F36A6 /* HomeView.swift in Sources */ = {isa = PBXBuildFile; fileRef = 2CEDA5C3A5976DD05DF7BE70 /* HomeView.swift */; };
/* End PBXBuildFile section */

/* Begin PBXContainerItemProxy section */
		8FC64532821284B05DE036DC /* PBXContainerItemProxy */ = {
			isa = PBXContainerItemProxy;
			containerPortal = FE69E26B226A464F1D47C839 /* Project object */;
			proxyType = 1;
			remoteGlobalIDString = 230AF75A88B837D006954100;
			remoteInfo = RendezvousILWidgets;
		};
		FC8AE12AAACCD56CA0266C72 /* PBXContainerItemProxy */ = {
			isa = PBXContainerItemProxy;
			containerPortal = FE69E26B226A464F1D47C839 /* Project object */;
			proxyType = 1;
			remoteGlobalIDString = 0DC21CB6BD797798181411EA;
			remoteInfo = RendezvousILNotificationService;
		};
/* End PBXContainerItemProxy section */

/* Begin PBXCopyFilesBuildPhase section */
		46B15221A63E04502CE85394 /* Embed Foundation Extensions */ = {
			isa = PBXCopyFilesBuildPhase;
			buildActionMask = 2147483647;
			dstPath = "";
			dstSubfolderSpec = 13;
			files = (
				9453DC75B3A3E9746AB9B2B6 /* RendezvousILWidgets.appex in Embed Foundation Extensions */,
				87F44843C569F4A9E538FCB4 /* RendezvousILNotificationService.appex in Embed Foundation Extensions */,
			);
			name = "Embed Foundation Extensions";
			runOnlyForDeploymentPostprocessing = 0;
		};
/* End PBXCopyFilesBuildPhase section */

/* Begin PBXFileReference section */
		4DFB9472D2BB41B7BF5AC52E /* SongPacksView.swift */ = {isa = PBXFileReference; lastKnownFileType = sourcecode.swift; path = SongPacksView.swift; sourceTree = "<group>"; };
		D8122F891AD54E1ABAA565D5 /* SongPackStore.swift */ = {isa = PBXFileReference; lastKnownFileType = sourcecode.swift; path = SongPackStore.swift; sourceTree = "<group>"; };
		E5C85D7D6AC44B68949F37DC /* SongPackModels.swift */ = {isa = PBXFileReference; lastKnownFileType = sourcecode.swift; path = SongPackModels.swift; sourceTree = "<group>"; };
		008D20E8BE6CD25A13CBA988 /* CampusLocationMonitor.swift */ = {isa = PBXFileReference; lastKnownFileType = sourcecode.swift; path = CampusLocationMonitor.swift; sourceTree = "<group>"; };
		0224F790B72595846190F6C8 /* ChatPhotoViewer.swift */ = {isa = PBXFileReference; lastKnownFileType = sourcecode.swift; path = ChatPhotoViewer.swift; sourceTree = "<group>"; };
		02E3AB80D204DA8640DDA2E4 /* venue-map.json */ = {isa = PBXFileReference; lastKnownFileType = text.json; path = "venue-map.json"; sourceTree = "<group>"; };
		07C50D82EE938B688ECCFCD4 /* RendezvousRepository.swift */ = {isa = PBXFileReference; lastKnownFileType = sourcecode.swift; path = RendezvousRepository.swift; sourceTree = "<group>"; };
		092E3DF0A72BACCECEE03E35 /* ScheduleShared.swift */ = {isa = PBXFileReference; lastKnownFileType = sourcecode.swift; path = ScheduleShared.swift; sourceTree = "<group>"; };
		0FE407421254F1FD65DD9F86 /* VenueMapView.swift */ = {isa = PBXFileReference; lastKnownFileType = sourcecode.swift; path = VenueMapView.swift; sourceTree = "<group>"; };
		10BA3D6FED0463578297010C /* RegistrationCountdownView.swift */ = {isa = PBXFileReference; lastKnownFileType = sourcecode.swift; path = RegistrationCountdownView.swift; sourceTree = "<group>"; };
		1172BDB29FF145E10C031C28 /* ChatDemoMode.swift */ = {isa = PBXFileReference; lastKnownFileType = sourcecode.swift; path = ChatDemoMode.swift; sourceTree = "<group>"; };
		13FDED7BA671DC4135511810 /* FamilyDirectoryManageView.swift */ = {isa = PBXFileReference; lastKnownFileType = sourcecode.swift; path = FamilyDirectoryManageView.swift; sourceTree = "<group>"; };
		17E9348A90094B82009B4CBD /* AboutView.swift */ = {isa = PBXFileReference; lastKnownFileType = sourcecode.swift; path = AboutView.swift; sourceTree = "<group>"; };
		1A62644C156B0B0D6EADBF84 /* APIClient.swift */ = {isa = PBXFileReference; lastKnownFileType = sourcecode.swift; path = APIClient.swift; sourceTree = "<group>"; };
		1DAEEF46A6CDDDEE3F2185E9 /* DirectoryDataStore.swift */ = {isa = PBXFileReference; lastKnownFileType = sourcecode.swift; path = DirectoryDataStore.swift; sourceTree = "<group>"; };
		231641E3BB59E8082BBC04FE /* Info.plist */ = {isa = PBXFileReference; lastKnownFileType = text.plist; path = Info.plist; sourceTree = "<group>"; };
		237B5BF5B8B77520EE65C132 /* NotificationSettingsView.swift */ = {isa = PBXFileReference; lastKnownFileType = sourcecode.swift; path = NotificationSettingsView.swift; sourceTree = "<group>"; };
		24CACB9C92690CC394EB341D /* PushRegistrationService.swift */ = {isa = PBXFileReference; lastKnownFileType = sourcecode.swift; path = PushRegistrationService.swift; sourceTree = "<group>"; };
		2C5BE204DD92D7E4E4B07B02 /* RendezvousILApp.swift */ = {isa = PBXFileReference; lastKnownFileType = sourcecode.swift; path = RendezvousILApp.swift; sourceTree = "<group>"; };
		2CEDA5C3A5976DD05DF7BE70 /* HomeView.swift */ = {isa = PBXFileReference; lastKnownFileType = sourcecode.swift; path = HomeView.swift; sourceTree = "<group>"; };
		2F638B68D8B10FEB8E35D061 /* RendezvousIL.entitlements */ = {isa = PBXFileReference; lastKnownFileType = text.plist.entitlements; path = RendezvousIL.entitlements; sourceTree = "<group>"; };
		33566839E96130B158BA3681 /* ChatThreadView.swift */ = {isa = PBXFileReference; lastKnownFileType = sourcecode.swift; path = ChatThreadView.swift; sourceTree = "<group>"; };
		37B9B084751C0C1099D59FE7 /* MoreView.swift */ = {isa = PBXFileReference; lastKnownFileType = sourcecode.swift; path = MoreView.swift; sourceTree = "<group>"; };
		3C35CE790071A3642C52762C /* RendezvousILWidgets.entitlements */ = {isa = PBXFileReference; lastKnownFileType = text.plist.entitlements; path = RendezvousILWidgets.entitlements; sourceTree = "<group>"; };
		41381ABB5514CB0C7608D0B0 /* UpdatesView.swift */ = {isa = PBXFileReference; lastKnownFileType = sourcecode.swift; path = UpdatesView.swift; sourceTree = "<group>"; };
		41FB932F01023F1967486D44 /* AblyService.swift */ = {isa = PBXFileReference; lastKnownFileType = sourcecode.swift; path = AblyService.swift; sourceTree = "<group>"; };
		4297DFF22E728AAA08368FF3 /* VolunteerReminderService.swift */ = {isa = PBXFileReference; lastKnownFileType = sourcecode.swift; path = VolunteerReminderService.swift; sourceTree = "<group>"; };
		466D237AE8A926FC5CADD2F6 /* AppSession.swift */ = {isa = PBXFileReference; lastKnownFileType = sourcecode.swift; path = AppSession.swift; sourceTree = "<group>"; };
		470F82732BB7CA2F2667959E /* AccountView.swift */ = {isa = PBXFileReference; lastKnownFileType = sourcecode.swift; path = AccountView.swift; sourceTree = "<group>"; };
		4BF3FBBFCE2EF235B3B1F1D9 /* AdminUserModels.swift */ = {isa = PBXFileReference; lastKnownFileType = sourcecode.swift; path = AdminUserModels.swift; sourceTree = "<group>"; };
		4D1AD3F114E29E028A68BB4E /* AppConfig.swift */ = {isa = PBXFileReference; lastKnownFileType = sourcecode.swift; path = AppConfig.swift; sourceTree = "<group>"; };
		4DDBF4B4F010F7A0FFA06C77 /* AppStoreScreenshotMode.swift */ = {isa = PBXFileReference; lastKnownFileType = sourcecode.swift; path = AppStoreScreenshotMode.swift; sourceTree = "<group>"; };
		4E4BCFAB9A88FD07F6BC8449 /* ChatModels.swift */ = {isa = PBXFileReference; lastKnownFileType = sourcecode.swift; path = ChatModels.swift; sourceTree = "<group>"; };
		5079917DD576A66F72E89EF5 /* BrandColors.swift */ = {isa = PBXFileReference; lastKnownFileType = sourcecode.swift; path = BrandColors.swift; sourceTree = "<group>"; };
		567CD5A88BC1074C79EF3891 /* CarPlaySceneDelegate.swift */ = {isa = PBXFileReference; lastKnownFileType = sourcecode.swift; path = CarPlaySceneDelegate.swift; sourceTree = "<group>"; };
		5827AB9131F3A63DC2A47844 /* RendezvousWidgets.swift */ = {isa = PBXFileReference; lastKnownFileType = sourcecode.swift; path = RendezvousWidgets.swift; sourceTree = "<group>"; };
		5F12213D5157AC4235B6DE75 /* WelcomeHubView.swift */ = {isa = PBXFileReference; lastKnownFileType = sourcecode.swift; path = WelcomeHubView.swift; sourceTree = "<group>"; };
		613DC0E4AA30786A2A78BB63 /* ScheduleView.swift */ = {isa = PBXFileReference; lastKnownFileType = sourcecode.swift; path = ScheduleView.swift; sourceTree = "<group>"; };
		61C09630FEAE09AF651F5F52 /* DeepLinkRouter.swift */ = {isa = PBXFileReference; lastKnownFileType = sourcecode.swift; path = DeepLinkRouter.swift; sourceTree = "<group>"; };
		64179816F2B892D24E404042 /* HomeBoardModels.swift */ = {isa = PBXFileReference; lastKnownFileType = sourcecode.swift; path = HomeBoardModels.swift; sourceTree = "<group>"; };
		690D7795EC8B080C69972765 /* CalculatorView.swift */ = {isa = PBXFileReference; lastKnownFileType = sourcecode.swift; path = CalculatorView.swift; sourceTree = "<group>"; };
		6A9479596A7254615613D0C2 /* Info.plist */ = {isa = PBXFileReference; lastKnownFileType = text.plist; path = Info.plist; sourceTree = "<group>"; };
		773D9EE7847452C39057563C /* ScheduleDataStore.swift */ = {isa = PBXFileReference; lastKnownFileType = sourcecode.swift; path = ScheduleDataStore.swift; sourceTree = "<group>"; };
		77C4EF056AAA489147049142 /* NotificationService.swift */ = {isa = PBXFileReference; lastKnownFileType = sourcecode.swift; path = NotificationService.swift; sourceTree = "<group>"; };
		7C4A6901F985DC2D62D1A98D /* AppDelegate.swift */ = {isa = PBXFileReference; lastKnownFileType = sourcecode.swift; path = AppDelegate.swift; sourceTree = "<group>"; };
		7E803E192474632267A01C74 /* RendezvousILWidgets.appex */ = {isa = PBXFileReference; includeInIndex = 0; lastKnownFileType = "wrapper.app-extension"; path = RendezvousILWidgets.appex; sourceTree = BUILT_PRODUCTS_DIR; };
		8BDA213F53DB325886659882 /* BibleBowlView.swift */ = {isa = PBXFileReference; lastKnownFileType = sourcecode.swift; path = BibleBowlView.swift; sourceTree = "<group>"; };
		8DD2170CD6154F19D976FE7A /* ClerkAuthSheet.swift */ = {isa = PBXFileReference; lastKnownFileType = sourcecode.swift; path = ClerkAuthSheet.swift; sourceTree = "<group>"; };
		8E75E2F787CFD5C0C443F208 /* FamilyVolunteeringView.swift */ = {isa = PBXFileReference; lastKnownFileType = sourcecode.swift; path = FamilyVolunteeringView.swift; sourceTree = "<group>"; };
		8EE33E00CE0327288EBBC1EF /* ContentView.swift */ = {isa = PBXFileReference; lastKnownFileType = sourcecode.swift; path = ContentView.swift; sourceTree = "<group>"; };
		925104CC717795170B3F3923 /* ReminderService.swift */ = {isa = PBXFileReference; lastKnownFileType = sourcecode.swift; path = ReminderService.swift; sourceTree = "<group>"; };
		A296DCF541E135FC128C1E7A /* FAQView.swift */ = {isa = PBXFileReference; lastKnownFileType = sourcecode.swift; path = FAQView.swift; sourceTree = "<group>"; };
		A8B82CB3618AEAA7A00515AB /* CheckInQRScannerView.swift */ = {isa = PBXFileReference; lastKnownFileType = sourcecode.swift; path = CheckInQRScannerView.swift; sourceTree = "<group>"; };
		B0F8D6E375BBF9376F2E488A /* NotificationService.swift */ = {isa = PBXFileReference; lastKnownFileType = sourcecode.swift; path = NotificationService.swift; sourceTree = "<group>"; };
		B27D1FB23F519523E3C7AE87 /* CheckInView.swift */ = {isa = PBXFileReference; lastKnownFileType = sourcecode.swift; path = CheckInView.swift; sourceTree = "<group>"; };
		B29FB9D8B2258141B88927CA /* RendezvousILNotificationService.entitlements */ = {isa = PBXFileReference; lastKnownFileType = text.plist.entitlements; path = RendezvousILNotificationService.entitlements; sourceTree = "<group>"; };
		B9ABB515A2E6B2757302E7F3 /* CarPlayDataProvider.swift */ = {isa = PBXFileReference; lastKnownFileType = sourcecode.swift; path = CarPlayDataProvider.swift; sourceTree = "<group>"; };
		BDFCA925CF2F46C536CF5593 /* DirectoryView.swift */ = {isa = PBXFileReference; lastKnownFileType = sourcecode.swift; path = DirectoryView.swift; sourceTree = "<group>"; };
		BEB53092D2478D412AD3114E /* YearFormatting.swift */ = {isa = PBXFileReference; lastKnownFileType = sourcecode.swift; path = YearFormatting.swift; sourceTree = "<group>"; };
		C081E03DADF196CFEE5740DD /* RendezvousActivityAttributes.swift */ = {isa = PBXFileReference; lastKnownFileType = sourcecode.swift; path = RendezvousActivityAttributes.swift; sourceTree = "<group>"; };
		C481A10CBFA7092E0BDAC5AA /* AdminDashboardView.swift */ = {isa = PBXFileReference; lastKnownFileType = sourcecode.swift; path = AdminDashboardView.swift; sourceTree = "<group>"; };
		C9DDD133CDB46828BF6E765E /* EventReminderSheet.swift */ = {isa = PBXFileReference; lastKnownFileType = sourcecode.swift; path = EventReminderSheet.swift; sourceTree = "<group>"; };
		CE395596786297E49CC999A2 /* BundledContent.swift */ = {isa = PBXFileReference; lastKnownFileType = sourcecode.swift; path = BundledContent.swift; sourceTree = "<group>"; };
		D039A64635C0EF6FF3B6D3E3 /* AdminUsersView.swift */ = {isa = PBXFileReference; lastKnownFileType = sourcecode.swift; path = AdminUsersView.swift; sourceTree = "<group>"; };
		D6BCF9EAD6FCEF5E52A74CD5 /* RendezvousILNotificationService.appex */ = {isa = PBXFileReference; includeInIndex = 0; lastKnownFileType = "wrapper.app-extension"; path = RendezvousILNotificationService.appex; sourceTree = BUILT_PRODUCTS_DIR; };
		DC68024E8C93B6FAC44F6EAC /* Assets.xcassets */ = {isa = PBXFileReference; lastKnownFileType = folder.assetcatalog; path = Assets.xcassets; sourceTree = "<group>"; };
		E1375EFD2C7FB2D5CFD77868 /* LiveActivityManager.swift */ = {isa = PBXFileReference; lastKnownFileType = sourcecode.swift; path = LiveActivityManager.swift; sourceTree = "<group>"; };
		E2B21229B8C516E3A062368E /* ChatListView.swift */ = {isa = PBXFileReference; lastKnownFileType = sourcecode.swift; path = ChatListView.swift; sourceTree = "<group>"; };
		E7F9B13246D5236FF4963A58 /* Info.plist */ = {isa = PBXFileReference; lastKnownFileType = text.plist; path = Info.plist; sourceTree = "<group>"; };
		EA42AAF64E35D2BC5008BA39 /* ChatFormatting.swift */ = {isa = PBXFileReference; lastKnownFileType = sourcecode.swift; path = ChatFormatting.swift; sourceTree = "<group>"; };
		EC36F7ED80F15611CD11B94D /* RetreatNowNextSection.swift */ = {isa = PBXFileReference; lastKnownFileType = sourcecode.swift; path = RetreatNowNextSection.swift; sourceTree = "<group>"; };
		ED599FD2D648050CE74D667A /* AppModels.swift */ = {isa = PBXFileReference; lastKnownFileType = sourcecode.swift; path = AppModels.swift; sourceTree = "<group>"; };
		EE0D1FB46943E94BD0904482 /* RendezvousIL.app */ = {isa = PBXFileReference; includeInIndex = 0; lastKnownFileType = wrapper.application; path = RendezvousIL.app; sourceTree = BUILT_PRODUCTS_DIR; };
		EFF734E540241619F176611A /* GlassCard.swift */ = {isa = PBXFileReference; lastKnownFileType = sourcecode.swift; path = GlassCard.swift; sourceTree = "<group>"; };
		F69A3152020B03D79A56028C /* HomeBoardDataStore.swift */ = {isa = PBXFileReference; lastKnownFileType = sourcecode.swift; path = HomeBoardDataStore.swift; sourceTree = "<group>"; };
		F7E5B9C3FB21EACB9FD34C8B /* RootView.swift */ = {isa = PBXFileReference; lastKnownFileType = sourcecode.swift; path = RootView.swift; sourceTree = "<group>"; };
		F93DC358023809E27C05FF3B /* AppEnvironment.swift */ = {isa = PBXFileReference; lastKnownFileType = sourcecode.swift; path = AppEnvironment.swift; sourceTree = "<group>"; };
		F96773E3A3A26024702E5D84 /* VenueMapModels.swift */ = {isa = PBXFileReference; lastKnownFileType = sourcecode.swift; path = VenueMapModels.swift; sourceTree = "<group>"; };
		FCDBD34429936681124138B5 /* schedule-fallback.json */ = {isa = PBXFileReference; lastKnownFileType = text.json; path = "schedule-fallback.json"; sourceTree = "<group>"; };
		FFAD31AE0B70D848AA02648A /* ChatDataStore.swift */ = {isa = PBXFileReference; lastKnownFileType = sourcecode.swift; path = ChatDataStore.swift; sourceTree = "<group>"; };
		"TEMP_0F49C0FB-0F9F-4DCF-AA38-BA6F50DAA353" /* Config.xcconfig */ = {isa = PBXFileReference; lastKnownFileType = text.xcconfig; path = Config.xcconfig; sourceTree = "<group>"; };
/* End PBXFileReference section */

/* Begin PBXFrameworksBuildPhase section */
		75352C3112F523E669313A39 /* Frameworks */ = {
			isa = PBXFrameworksBuildPhase;
			buildActionMask = 2147483647;
			files = (
				C773298BAC9BB89AC5FA1C3F /* Clerk in Frameworks */,
				24E12CA3875598177849853F /* Ably in Frameworks */,
			);
			runOnlyForDeploymentPostprocessing = 0;
		};
/* End PBXFrameworksBuildPhase section */

/* Begin PBXGroup section */
		269CB0AAB31F925DB51616B0 /* Views */ = {
			isa = PBXGroup;
			children = (
				17E9348A90094B82009B4CBD /* AboutView.swift */,
				470F82732BB7CA2F2667959E /* AccountView.swift */,
				C481A10CBFA7092E0BDAC5AA /* AdminDashboardView.swift */,
				D039A64635C0EF6FF3B6D3E3 /* AdminUsersView.swift */,
				8BDA213F53DB325886659882 /* BibleBowlView.swift */,
				4DFB9472D2BB41B7BF5AC52E /* SongPacksView.swift */,
				690D7795EC8B080C69972765 /* CalculatorView.swift */,
				E2B21229B8C516E3A062368E /* ChatListView.swift */,
				0224F790B72595846190F6C8 /* ChatPhotoViewer.swift */,
				33566839E96130B158BA3681 /* ChatThreadView.swift */,
				A8B82CB3618AEAA7A00515AB /* CheckInQRScannerView.swift */,
				B27D1FB23F519523E3C7AE87 /* CheckInView.swift */,
				BDFCA925CF2F46C536CF5593 /* DirectoryView.swift */,
				C9DDD133CDB46828BF6E765E /* EventReminderSheet.swift */,
				13FDED7BA671DC4135511810 /* FamilyDirectoryManageView.swift */,
				8E75E2F787CFD5C0C443F208 /* FamilyVolunteeringView.swift */,
				A296DCF541E135FC128C1E7A /* FAQView.swift */,
				2CEDA5C3A5976DD05DF7BE70 /* HomeView.swift */,
				37B9B084751C0C1099D59FE7 /* MoreView.swift */,
				237B5BF5B8B77520EE65C132 /* NotificationSettingsView.swift */,
				613DC0E4AA30786A2A78BB63 /* ScheduleView.swift */,
				41381ABB5514CB0C7608D0B0 /* UpdatesView.swift */,
				0FE407421254F1FD65DD9F86 /* VenueMapView.swift */,
			);
			path = Views;
			sourceTree = "<group>";
		};
		2BA47C81CB5AA71D8CF296E2 /* Services */ = {
			isa = PBXGroup;
			children = (
				41FB932F01023F1967486D44 /* AblyService.swift */,
				D8122F891AD54E1ABAA565D5 /* SongPackStore.swift */,
				1A62644C156B0B0D6EADBF84 /* APIClient.swift */,
				466D237AE8A926FC5CADD2F6 /* AppSession.swift */,
				CE395596786297E49CC999A2 /* BundledContent.swift */,
				008D20E8BE6CD25A13CBA988 /* CampusLocationMonitor.swift */,
				FFAD31AE0B70D848AA02648A /* ChatDataStore.swift */,
				1DAEEF46A6CDDDEE3F2185E9 /* DirectoryDataStore.swift */,
				F69A3152020B03D79A56028C /* HomeBoardDataStore.swift */,
				E1375EFD2C7FB2D5CFD77868 /* LiveActivityManager.swift */,
				77C4EF056AAA489147049142 /* NotificationService.swift */,
				24CACB9C92690CC394EB341D /* PushRegistrationService.swift */,
				925104CC717795170B3F3923 /* ReminderService.swift */,
				07C50D82EE938B688ECCFCD4 /* RendezvousRepository.swift */,
				773D9EE7847452C39057563C /* ScheduleDataStore.swift */,
				4297DFF22E728AAA08368FF3 /* VolunteerReminderService.swift */,
			);
			path = Services;
			sourceTree = "<group>";
		};
		2CAA17E785C21984E7B9FFD4 /* Shared */ = {
			isa = PBXGroup;
			children = (
				C081E03DADF196CFEE5740DD /* RendezvousActivityAttributes.swift */,
				092E3DF0A72BACCECEE03E35 /* ScheduleShared.swift */,
				BEB53092D2478D412AD3114E /* YearFormatting.swift */,
			);
			path = Shared;
			sourceTree = "<group>";
		};
		344382A468B20A4D1B588692 /* Resources */ = {
			isa = PBXGroup;
			children = (
				DC68024E8C93B6FAC44F6EAC /* Assets.xcassets */,
				FCDBD34429936681124138B5 /* schedule-fallback.json */,
				02E3AB80D204DA8640DDA2E4 /* venue-map.json */,
			);
			path = Resources;
			sourceTree = "<group>";
		};
		4561909C331472B8411E2592 /* Components */ = {
			isa = PBXGroup;
			children = (
				5079917DD576A66F72E89EF5 /* BrandColors.swift */,
				8DD2170CD6154F19D976FE7A /* ClerkAuthSheet.swift */,
				EFF734E540241619F176611A /* GlassCard.swift */,
				10BA3D6FED0463578297010C /* RegistrationCountdownView.swift */,
				EC36F7ED80F15611CD11B94D /* RetreatNowNextSection.swift */,
			);
			path = Components;
			sourceTree = "<group>";
		};
		4C1C65A95FA67C17E2B8EFB2 /* Products */ = {
			isa = PBXGroup;
			children = (
				EE0D1FB46943E94BD0904482 /* RendezvousIL.app */,
				D6BCF9EAD6FCEF5E52A74CD5 /* RendezvousILNotificationService.appex */,
				7E803E192474632267A01C74 /* RendezvousILWidgets.appex */,
			);
			name = Products;
			sourceTree = "<group>";
		};
		5CA29114108CF7392F2C25EB /* RendezvousILNotificationService */ = {
			isa = PBXGroup;
			children = (
				6A9479596A7254615613D0C2 /* Info.plist */,
				B0F8D6E375BBF9376F2E488A /* NotificationService.swift */,
				B29FB9D8B2258141B88927CA /* RendezvousILNotificationService.entitlements */,
			);
			path = RendezvousILNotificationService;
			sourceTree = "<group>";
		};
		6F2CA292AA98ACC8D0B77B0C /* CarPlay */ = {
			isa = PBXGroup;
			children = (
				B9ABB515A2E6B2757302E7F3 /* CarPlayDataProvider.swift */,
				567CD5A88BC1074C79EF3891 /* CarPlaySceneDelegate.swift */,
			);
			path = CarPlay;
			sourceTree = "<group>";
		};
		755F3787A767E3EA79C9CF4F = {
			isa = PBXGroup;
			children = (
				EE426048DF750BEBD0C020B0 /* RendezvousIL */,
				5CA29114108CF7392F2C25EB /* RendezvousILNotificationService */,
				7DE4FC306F1946906C48B76B /* RendezvousILWidgets */,
				2CAA17E785C21984E7B9FFD4 /* Shared */,
				4C1C65A95FA67C17E2B8EFB2 /* Products */,
			);
			sourceTree = "<group>";
		};
		7DE4FC306F1946906C48B76B /* RendezvousILWidgets */ = {
			isa = PBXGroup;
			children = (
				231641E3BB59E8082BBC04FE /* Info.plist */,
				3C35CE790071A3642C52762C /* RendezvousILWidgets.entitlements */,
				5827AB9131F3A63DC2A47844 /* RendezvousWidgets.swift */,
			);
			path = RendezvousILWidgets;
			sourceTree = "<group>";
		};
		802F7C4A2ACF3FF435F55CD0 /* Models */ = {
			isa = PBXGroup;
			children = (
				4BF3FBBFCE2EF235B3B1F1D9 /* AdminUserModels.swift */,
				4D1AD3F114E29E028A68BB4E /* AppConfig.swift */,
				E5C85D7D6AC44B68949F37DC /* SongPackModels.swift */,
				ED599FD2D648050CE74D667A /* AppModels.swift */,
				4E4BCFAB9A88FD07F6BC8449 /* ChatModels.swift */,
				64179816F2B892D24E404042 /* HomeBoardModels.swift */,
				F96773E3A3A26024702E5D84 /* VenueMapModels.swift */,
			);
			path = Models;
			sourceTree = "<group>";
		};
		9ACE6FB50C6A94039CAE7C21 /* Utilities */ = {
			isa = PBXGroup;
			children = (
				F93DC358023809E27C05FF3B /* AppEnvironment.swift */,
				4DDBF4B4F010F7A0FFA06C77 /* AppStoreScreenshotMode.swift */,
				1172BDB29FF145E10C031C28 /* ChatDemoMode.swift */,
				EA42AAF64E35D2BC5008BA39 /* ChatFormatting.swift */,
				61C09630FEAE09AF651F5F52 /* DeepLinkRouter.swift */,
			);
			path = Utilities;
			sourceTree = "<group>";
		};
		EE426048DF750BEBD0C020B0 /* RendezvousIL */ = {
			isa = PBXGroup;
			children = (
				7C4A6901F985DC2D62D1A98D /* AppDelegate.swift */,
				8EE33E00CE0327288EBBC1EF /* ContentView.swift */,
				E7F9B13246D5236FF4963A58 /* Info.plist */,
				2F638B68D8B10FEB8E35D061 /* RendezvousIL.entitlements */,
				2C5BE204DD92D7E4E4B07B02 /* RendezvousILApp.swift */,
				F7E5B9C3FB21EACB9FD34C8B /* RootView.swift */,
				5F12213D5157AC4235B6DE75 /* WelcomeHubView.swift */,
				6F2CA292AA98ACC8D0B77B0C /* CarPlay */,
				4561909C331472B8411E2592 /* Components */,
				802F7C4A2ACF3FF435F55CD0 /* Models */,
				344382A468B20A4D1B588692 /* Resources */,
				2BA47C81CB5AA71D8CF296E2 /* Services */,
				9ACE6FB50C6A94039CAE7C21 /* Utilities */,
				269CB0AAB31F925DB51616B0 /* Views */,
			);
			path = RendezvousIL;
			sourceTree = "<group>";
		};
		"TEMP_0BA7B222-1975-4F2E-AF7C-ADE73778D072" /* ios */ = {
			isa = PBXGroup;
			children = (
				"TEMP_0F49C0FB-0F9F-4DCF-AA38-BA6F50DAA353" /* Config.xcconfig */,
			);
			path = ios;
			sourceTree = "<group>";
		};
/* End PBXGroup section */

/* Begin PBXNativeTarget section */
		0A7B6C9D4ECF4DB0A3C9BC59 /* RendezvousIL */ = {
			isa = PBXNativeTarget;
			buildConfigurationList = 49F3F32F7E9A30DD75AE21F4 /* Build configuration list for PBXNativeTarget "RendezvousIL" */;
			buildPhases = (
				7D0C3FED373BBCB34D3EFD36 /* Sources */,
				59B327350E43695DCD80AE84 /* Resources */,
				75352C3112F523E669313A39 /* Frameworks */,
				46B15221A63E04502CE85394 /* Embed Foundation Extensions */,
			);
			buildRules = (
			);
			dependencies = (
				ED6220E07B4E55F82D0C775E /* PBXTargetDependency */,
				2C30BA5DAAFE0FDB9A022E0D /* PBXTargetDependency */,
			);
			name = RendezvousIL;
			packageProductDependencies = (
				F7380DA0009DE9DED43BE6B1 /* Clerk */,
				8BFDB483F89DC80A4A25F1E1 /* Ably */,
			);
			productName = RendezvousIL;
			productReference = EE0D1FB46943E94BD0904482 /* RendezvousIL.app */;
			productType = "com.apple.product-type.application";
		};
		0DC21CB6BD797798181411EA /* RendezvousILNotificationService */ = {
			isa = PBXNativeTarget;
			buildConfigurationList = 3E17A8E192A324ED10855592 /* Build configuration list for PBXNativeTarget "RendezvousILNotificationService" */;
			buildPhases = (
				7050061FE3FC6819BCE3F2B3 /* Sources */,
			);
			buildRules = (
			);
			dependencies = (
			);
			name = RendezvousILNotificationService;
			packageProductDependencies = (
			);
			productName = RendezvousILNotificationService;
			productReference = D6BCF9EAD6FCEF5E52A74CD5 /* RendezvousILNotificationService.appex */;
			productType = "com.apple.product-type.app-extension";
		};
		230AF75A88B837D006954100 /* RendezvousILWidgets */ = {
			isa = PBXNativeTarget;
			buildConfigurationList = FEC94BC5079D29F3BC68D7CE /* Build configuration list for PBXNativeTarget "RendezvousILWidgets" */;
			buildPhases = (
				822F58F0D0C616959A9B2B56 /* Sources */,
			);
			buildRules = (
			);
			dependencies = (
			);
			name = RendezvousILWidgets;
			packageProductDependencies = (
			);
			productName = RendezvousILWidgets;
			productReference = 7E803E192474632267A01C74 /* RendezvousILWidgets.appex */;
			productType = "com.apple.product-type.app-extension";
		};
/* End PBXNativeTarget section */

/* Begin PBXProject section */
		FE69E26B226A464F1D47C839 /* Project object */ = {
			isa = PBXProject;
			attributes = {
				BuildIndependentTargetsInParallel = YES;
				LastUpgradeCheck = 1430;
				TargetAttributes = {
					0A7B6C9D4ECF4DB0A3C9BC59 = {
						DevelopmentTeam = F5HPRRCC5H;
						ProvisioningStyle = Automatic;
					};
					0DC21CB6BD797798181411EA = {
						DevelopmentTeam = F5HPRRCC5H;
						ProvisioningStyle = Automatic;
					};
					230AF75A88B837D006954100 = {
						DevelopmentTeam = F5HPRRCC5H;
						ProvisioningStyle = Automatic;
					};
				};
			};
			buildConfigurationList = 7B4B6796F4F4B5FA71C42206 /* Build configuration list for PBXProject "RendezvousIL" */;
			developmentRegion = en;
			hasScannedForEncodings = 0;
			knownRegions = (
				Base,
				en,
			);
			mainGroup = 755F3787A767E3EA79C9CF4F;
			minimizedProjectReferenceProxies = 1;
			packageReferences = (
				4F0D6BE94C5B948D2C52CBAE /* XCRemoteSwiftPackageReference "ably-cocoa" */,
				8BE6164CA8C450318815E3A6 /* XCRemoteSwiftPackageReference "clerk-ios" */,
			);
			preferredProjectObjectVersion = 77;
			productRefGroup = 4C1C65A95FA67C17E2B8EFB2 /* Products */;
			projectDirPath = "";
			projectRoot = "";
			targets = (
				0A7B6C9D4ECF4DB0A3C9BC59 /* RendezvousIL */,
				0DC21CB6BD797798181411EA /* RendezvousILNotificationService */,
				230AF75A88B837D006954100 /* RendezvousILWidgets */,
			);
		};
/* End PBXProject section */

/* Begin PBXResourcesBuildPhase section */
		59B327350E43695DCD80AE84 /* Resources */ = {
			isa = PBXResourcesBuildPhase;
			buildActionMask = 2147483647;
			files = (
				82B6C946BB374B347B58B7A6 /* Assets.xcassets in Resources */,
				D86BEEC888D2FD2000B7CBCD /* schedule-fallback.json in Resources */,
				73318A87943BEA4B8F1893F9 /* venue-map.json in Resources */,
			);
			runOnlyForDeploymentPostprocessing = 0;
		};
/* End PBXResourcesBuildPhase section */

/* Begin PBXSourcesBuildPhase section */
		7050061FE3FC6819BCE3F2B3 /* Sources */ = {
			isa = PBXSourcesBuildPhase;
			buildActionMask = 2147483647;
			files = (
				2ACE50E6E5E5B06D71FAC262 /* NotificationService.swift in Sources */,
			);
			runOnlyForDeploymentPostprocessing = 0;
		};
		7D0C3FED373BBCB34D3EFD36 /* Sources */ = {
			isa = PBXSourcesBuildPhase;
			buildActionMask = 2147483647;
			files = (
				66742AE51B59989BF039B477 /* APIClient.swift in Sources */,
				A24919D11C464AEF4CC1FD46 /* AblyService.swift in Sources */,
				A5C7F695E3ACBC367467F167 /* AboutView.swift in Sources */,
				FA4F95660BD093B3CD651F30 /* AccountView.swift in Sources */,
				56D096FAE066C36B12EDC251 /* AdminDashboardView.swift in Sources */,
				7DA728921F342EA02A46E62B /* AdminUserModels.swift in Sources */,
				EB813C8733397959B05BC1E9 /* AdminUsersView.swift in Sources */,
				A500969739655BF5628136F0 /* AppConfig.swift in Sources */,
				C369F9523533DB0DD8577F6F /* AppDelegate.swift in Sources */,
				B3FC900548485BBE0D5A1121 /* AppEnvironment.swift in Sources */,
				F64EE8546EE1937D9C940FD5 /* AppModels.swift in Sources */,
				5635A4E0BBB120EA3599E770 /* AppSession.swift in Sources */,
				8101634629AF3C73A1E2EE29 /* AppStoreScreenshotMode.swift in Sources */,
				7568F6D233AF16EAEA555420 /* BibleBowlView.swift in Sources */,
				82553140B28F7CC2EA40A2A2 /* BrandColors.swift in Sources */,
				F763B88C4136397DCED07719 /* BundledContent.swift in Sources */,
				A12A213C05A64AC69D0E3B94 /* SongPackModels.swift in Sources */,
				AF257952DCA640D4906FFFF0 /* SongPackStore.swift in Sources */,
				ECEA01015F624D5DAF6CBF2E /* SongPacksView.swift in Sources */,
				3E7640855ECDE62A00948E3B /* CalculatorView.swift in Sources */,
				9AFC09B1C3BFA8FB6D3A70F3 /* CampusLocationMonitor.swift in Sources */,
				8BF585E509998F0FAB97B470 /* CarPlayDataProvider.swift in Sources */,
				E34D277B093C78B4B9F4368E /* CarPlaySceneDelegate.swift in Sources */,
				2FA1CB47C5AD31BCC19C006D /* ChatDataStore.swift in Sources */,
				0096B6D5331F9F0E8FF3CB84 /* ChatDemoMode.swift in Sources */,
				E684A3B3E7C19748BB83302B /* ChatFormatting.swift in Sources */,
				51ED2EABA9D44315EABB8AAA /* ChatListView.swift in Sources */,
				F3C879A023201FC4FC71526E /* ChatModels.swift in Sources */,
				748AA24E1EAA9DFD4C151A9D /* ChatPhotoViewer.swift in Sources */,
				E9A3538651056E006A467139 /* ChatThreadView.swift in Sources */,
				43BD0772D15AB8DEBBBF9D40 /* CheckInQRScannerView.swift in Sources */,
				D946492B75289CE18C0C4AF7 /* CheckInView.swift in Sources */,
				C064E3A1770F545A45AC837B /* ClerkAuthSheet.swift in Sources */,
				ADA22A3B77F9F98440833E10 /* ContentView.swift in Sources */,
				25466A1634E763C60FEFFBFE /* DeepLinkRouter.swift in Sources */,
				A9AEC700192817C9BB740EC4 /* DirectoryDataStore.swift in Sources */,
				709C33B84426E71DA13A5F19 /* DirectoryView.swift in Sources */,
				D7D9A0E82A4FB69953072D2D /* EventReminderSheet.swift in Sources */,
				43C393DA7DDE7C0CA8C161E8 /* FAQView.swift in Sources */,
				A1C531FA1B839739791C34BE /* FamilyDirectoryManageView.swift in Sources */,
				64C312B89BE0793B46BA318F /* FamilyVolunteeringView.swift in Sources */,
				F479995288779FDB1AC64AA0 /* GlassCard.swift in Sources */,
				F088695FBE1CEAF5040CB93F /* HomeBoardDataStore.swift in Sources */,
				59F95F230F6B56C64AA99218 /* HomeBoardModels.swift in Sources */,
				FF1AD4CD38FD1EA57B8F36A6 /* HomeView.swift in Sources */,
				F31031239434555D31490B94 /* LiveActivityManager.swift in Sources */,
				001F6BE14BDAF1A0A6F00A2C /* MoreView.swift in Sources */,
				2C056AEC8FAB8F9E82406A37 /* NotificationService.swift in Sources */,
				4CF50DE85564341CA1932D0B /* NotificationSettingsView.swift in Sources */,
				2F6E869CFEF9C6EBB7FEA808 /* PushRegistrationService.swift in Sources */,
				24929EF0C42582C37426D063 /* RegistrationCountdownView.swift in Sources */,
				C606759A7AD5230A97689271 /* ReminderService.swift in Sources */,
				080C996997D121C22C44D3F1 /* RendezvousActivityAttributes.swift in Sources */,
				240F2BD40FC6DF6BA76F1224 /* RendezvousILApp.swift in Sources */,
				8B4303C55E7D02D010F6E41B /* RendezvousRepository.swift in Sources */,
				4E4A2FD796842CED9F8567FD /* RetreatNowNextSection.swift in Sources */,
				041325F9C6E45EDC4CD28A99 /* RootView.swift in Sources */,
				0909D4F07BE927456A537630 /* ScheduleDataStore.swift in Sources */,
				40D57A631FD567741CAF09D1 /* ScheduleShared.swift in Sources */,
				AC921200D398D7BEA41C70E0 /* ScheduleView.swift in Sources */,
				A6695420B13B1E422B58B7AA /* UpdatesView.swift in Sources */,
				0355F432B0E93344589A9241 /* VenueMapModels.swift in Sources */,
				AFA8B01C44C837F91E7A0ED6 /* VenueMapView.swift in Sources */,
				737230A76DDE9FEDE4B66B51 /* VolunteerReminderService.swift in Sources */,
				5BAF46E2ACA9E65CA42DFFA7 /* WelcomeHubView.swift in Sources */,
				A2618CC5253AF40696E61355 /* YearFormatting.swift in Sources */,
			);
			runOnlyForDeploymentPostprocessing = 0;
		};
		822F58F0D0C616959A9B2B56 /* Sources */ = {
			isa = PBXSourcesBuildPhase;
			buildActionMask = 2147483647;
			files = (
				49286F0D8C03FD5E8CA4B77F /* RendezvousActivityAttributes.swift in Sources */,
				4126E9AE149320ED218045AB /* RendezvousWidgets.swift in Sources */,
				CF3382D8A42D8FE19E83FF6F /* ScheduleShared.swift in Sources */,
				2A2F58835393A7A8ABBA240C /* YearFormatting.swift in Sources */,
			);
			runOnlyForDeploymentPostprocessing = 0;
		};
/* End PBXSourcesBuildPhase section */

/* Begin PBXTargetDependency section */
		2C30BA5DAAFE0FDB9A022E0D /* PBXTargetDependency */ = {
			isa = PBXTargetDependency;
			target = 0DC21CB6BD797798181411EA /* RendezvousILNotificationService */;
			targetProxy = FC8AE12AAACCD56CA0266C72 /* PBXContainerItemProxy */;
		};
		ED6220E07B4E55F82D0C775E /* PBXTargetDependency */ = {
			isa = PBXTargetDependency;
			target = 230AF75A88B837D006954100 /* RendezvousILWidgets */;
			targetProxy = 8FC64532821284B05DE036DC /* PBXContainerItemProxy */;
		};
/* End PBXTargetDependency section */

/* Begin XCBuildConfiguration section */
		05AEA242461681A32368AFE3 /* Debug */ = {
			isa = XCBuildConfiguration;
			buildSettings = {
				ALWAYS_SEARCH_USER_PATHS = NO;
				CLANG_ANALYZER_NONNULL = YES;
				CLANG_ANALYZER_NUMBER_OBJECT_CONVERSION = YES_AGGRESSIVE;
				CLANG_CXX_LANGUAGE_STANDARD = "gnu++14";
				CLANG_CXX_LIBRARY = "libc++";
				CLANG_ENABLE_MODULES = YES;
				CLANG_ENABLE_OBJC_ARC = YES;
				CLANG_ENABLE_OBJC_WEAK = YES;
				CLANG_WARN_BLOCK_CAPTURE_AUTORELEASING = YES;
				CLANG_WARN_BOOL_CONVERSION = YES;
				CLANG_WARN_COMMA = YES;
				CLANG_WARN_CONSTANT_CONVERSION = YES;
				CLANG_WARN_DEPRECATED_OBJC_IMPLEMENTATIONS = YES;
				CLANG_WARN_DIRECT_OBJC_ISA_USAGE = YES_ERROR;
				CLANG_WARN_DOCUMENTATION_COMMENTS = YES;
				CLANG_WARN_EMPTY_BODY = YES;
				CLANG_WARN_ENUM_CONVERSION = YES;
				CLANG_WARN_INFINITE_RECURSION = YES;
				CLANG_WARN_INT_CONVERSION = YES;
				CLANG_WARN_NON_LITERAL_NULL_CONVERSION = YES;
				CLANG_WARN_OBJC_IMPLICIT_RETAIN_SELF = YES;
				CLANG_WARN_OBJC_LITERAL_CONVERSION = YES;
				CLANG_WARN_OBJC_ROOT_CLASS = YES_ERROR;
				CLANG_WARN_QUOTED_INCLUDE_IN_FRAMEWORK_HEADER = YES;
				CLANG_WARN_RANGE_LOOP_ANALYSIS = YES;
				CLANG_WARN_STRICT_PROTOTYPES = YES;
				CLANG_WARN_SUSPICIOUS_MOVE = YES;
				CLANG_WARN_UNGUARDED_AVAILABILITY = YES_AGGRESSIVE;
				CLANG_WARN_UNREACHABLE_CODE = YES;
				CLANG_WARN__DUPLICATE_METHOD_MATCH = YES;
				COPY_PHASE_STRIP = NO;
				DEBUG_INFORMATION_FORMAT = dwarf;
				ENABLE_STRICT_OBJC_MSGSEND = YES;
				ENABLE_TESTABILITY = YES;
				GCC_C_LANGUAGE_STANDARD = gnu11;
				GCC_DYNAMIC_NO_PIC = NO;
				GCC_NO_COMMON_BLOCKS = YES;
				GCC_OPTIMIZATION_LEVEL = 0;
				GCC_PREPROCESSOR_DEFINITIONS = (
					"$(inherited)",
					"DEBUG=1",
				);
				GCC_WARN_64_TO_32_BIT_CONVERSION = YES;
				GCC_WARN_ABOUT_RETURN_TYPE = YES_ERROR;
				GCC_WARN_UNDECLARED_SELECTOR = YES;
				GCC_WARN_UNINITIALIZED_AUTOS = YES_AGGRESSIVE;
				GCC_WARN_UNUSED_FUNCTION = YES;
				GCC_WARN_UNUSED_VARIABLE = YES;
				IPHONEOS_DEPLOYMENT_TARGET = 17.0;
				MTL_ENABLE_DEBUG_INFO = INCLUDE_SOURCE;
				MTL_FAST_MATH = YES;
				ONLY_ACTIVE_ARCH = YES;
				PRODUCT_NAME = "$(TARGET_NAME)";
				SDKROOT = iphoneos;
				SWIFT_ACTIVE_COMPILATION_CONDITIONS = DEBUG;
				SWIFT_OPTIMIZATION_LEVEL = "-Onone";
				SWIFT_VERSION = 5.9;
				TARGETED_DEVICE_FAMILY = "1,2";
			};
			name = Debug;
		};
		2326BB3CE89C431000EE93A4 /* Debug */ = {
			isa = XCBuildConfiguration;
			buildSettings = {
				CODE_SIGN_ENTITLEMENTS = RendezvousILNotificationService/RendezvousILNotificationService.entitlements;
				CODE_SIGN_STYLE = Automatic;
				CURRENT_PROJECT_VERSION = 210;
				DEVELOPMENT_TEAM = F5HPRRCC5H;
				GENERATE_INFOPLIST_FILE = YES;
				INFOPLIST_FILE = RendezvousILNotificationService/Info.plist;
				INFOPLIST_KEY_CFBundleDisplayName = "Rendezvous Notifications";
				LD_RUNPATH_SEARCH_PATHS = "$(inherited) @executable_path/Frameworks @executable_path/../../Frameworks";
				MARKETING_VERSION = 2.0.7;
				PRODUCT_BUNDLE_IDENTIFIER = "com.rendezvousil.braddcorp.app.notification-service";
				PRODUCT_NAME = RendezvousILNotificationService;
				SDKROOT = iphoneos;
				SKIP_INSTALL = YES;
				TARGETED_DEVICE_FAMILY = "1,2";
			};
			name = Debug;
		};
		43045B91FFC57488544B79C3 /* Debug */ = {
			isa = XCBuildConfiguration;
			buildSettings = {
				CODE_SIGN_ENTITLEMENTS = RendezvousILWidgets/RendezvousILWidgets.entitlements;
				CODE_SIGN_STYLE = Automatic;
				CURRENT_PROJECT_VERSION = 210;
				DEVELOPMENT_TEAM = F5HPRRCC5H;
				GENERATE_INFOPLIST_FILE = YES;
				INFOPLIST_FILE = RendezvousILWidgets/Info.plist;
				INFOPLIST_KEY_CFBundleDisplayName = "Rendezvous Widgets";
				INFOPLIST_KEY_NSSupportsLiveActivities = YES;
				LD_RUNPATH_SEARCH_PATHS = (
					"$(inherited)",
					"@executable_path/Frameworks",
					"@executable_path/../../Frameworks",
				);
				MARKETING_VERSION = 2.0.7;
				PRODUCT_BUNDLE_IDENTIFIER = com.rendezvousil.braddcorp.app.widgets;
				PRODUCT_NAME = RendezvousILWidgets;
				SDKROOT = iphoneos;
				SKIP_INSTALL = YES;
				TARGETED_DEVICE_FAMILY = "1,2";
			};
			name = Debug;
		};
		7ADBCEC1B448B95857681847 /* Release */ = {
			isa = XCBuildConfiguration;
			baseConfigurationReference = "TEMP_0F49C0FB-0F9F-4DCF-AA38-BA6F50DAA353" /* Config.xcconfig */;
			buildSettings = {
				APS_ENVIRONMENT = production;
				ASSETCATALOG_COMPILER_APPICON_NAME = AppIcon;
				CODE_SIGN_ENTITLEMENTS = RendezvousIL/RendezvousIL.entitlements;
				CODE_SIGN_IDENTITY = "iPhone Developer";
				CODE_SIGN_STYLE = Automatic;
				CURRENT_PROJECT_VERSION = 210;
				DEVELOPMENT_TEAM = F5HPRRCC5H;
				INFOPLIST_FILE = RendezvousIL/Info.plist;
				LD_RUNPATH_SEARCH_PATHS = (
					"$(inherited)",
					"@executable_path/Frameworks",
				);
				MARKETING_VERSION = 2.0.7;
				PRODUCT_BUNDLE_IDENTIFIER = com.rendezvousil.braddcorp.app;
				PRODUCT_NAME = "Rendezvous IL";
				SDKROOT = iphoneos;
				TARGETED_DEVICE_FAMILY = "1,2";
			};
			name = Release;
		};
		801435EE24908AB3115185FE /* Release */ = {
			isa = XCBuildConfiguration;
			buildSettings = {
				ALWAYS_SEARCH_USER_PATHS = NO;
				CLANG_ANALYZER_NONNULL = YES;
				CLANG_ANALYZER_NUMBER_OBJECT_CONVERSION = YES_AGGRESSIVE;
				CLANG_CXX_LANGUAGE_STANDARD = "gnu++14";
				CLANG_CXX_LIBRARY = "libc++";
				CLANG_ENABLE_MODULES = YES;
				CLANG_ENABLE_OBJC_ARC = YES;
				CLANG_ENABLE_OBJC_WEAK = YES;
				CLANG_WARN_BLOCK_CAPTURE_AUTORELEASING = YES;
				CLANG_WARN_BOOL_CONVERSION = YES;
				CLANG_WARN_COMMA = YES;
				CLANG_WARN_CONSTANT_CONVERSION = YES;
				CLANG_WARN_DEPRECATED_OBJC_IMPLEMENTATIONS = YES;
				CLANG_WARN_DIRECT_OBJC_ISA_USAGE = YES_ERROR;
				CLANG_WARN_DOCUMENTATION_COMMENTS = YES;
				CLANG_WARN_EMPTY_BODY = YES;
				CLANG_WARN_ENUM_CONVERSION = YES;
				CLANG_WARN_INFINITE_RECURSION = YES;
				CLANG_WARN_INT_CONVERSION = YES;
				CLANG_WARN_NON_LITERAL_NULL_CONVERSION = YES;
				CLANG_WARN_OBJC_IMPLICIT_RETAIN_SELF = YES;
				CLANG_WARN_OBJC_LITERAL_CONVERSION = YES;
				CLANG_WARN_OBJC_ROOT_CLASS = YES_ERROR;
				CLANG_WARN_QUOTED_INCLUDE_IN_FRAMEWORK_HEADER = YES;
				CLANG_WARN_RANGE_LOOP_ANALYSIS = YES;
				CLANG_WARN_STRICT_PROTOTYPES = YES;
				CLANG_WARN_SUSPICIOUS_MOVE = YES;
				CLANG_WARN_UNGUARDED_AVAILABILITY = YES_AGGRESSIVE;
				CLANG_WARN_UNREACHABLE_CODE = YES;
				CLANG_WARN__DUPLICATE_METHOD_MATCH = YES;
				COPY_PHASE_STRIP = NO;
				DEBUG_INFORMATION_FORMAT = "dwarf-with-dsym";
				ENABLE_NS_ASSERTIONS = NO;
				ENABLE_STRICT_OBJC_MSGSEND = YES;
				GCC_C_LANGUAGE_STANDARD = gnu11;
				GCC_NO_COMMON_BLOCKS = YES;
				GCC_WARN_64_TO_32_BIT_CONVERSION = YES;
				GCC_WARN_ABOUT_RETURN_TYPE = YES_ERROR;
				GCC_WARN_UNDECLARED_SELECTOR = YES;
				GCC_WARN_UNINITIALIZED_AUTOS = YES_AGGRESSIVE;
				GCC_WARN_UNUSED_FUNCTION = YES;
				GCC_WARN_UNUSED_VARIABLE = YES;
				IPHONEOS_DEPLOYMENT_TARGET = 17.0;
				MTL_ENABLE_DEBUG_INFO = NO;
				MTL_FAST_MATH = YES;
				PRODUCT_NAME = "$(TARGET_NAME)";
				SDKROOT = iphoneos;
				SWIFT_COMPILATION_MODE = wholemodule;
				SWIFT_OPTIMIZATION_LEVEL = "-O";
				SWIFT_VERSION = 5.9;
				TARGETED_DEVICE_FAMILY = "1,2";
			};
			name = Release;
		};
		AD08DC41FDAFB9947F96DC7B /* Release */ = {
			isa = XCBuildConfiguration;
			buildSettings = {
				CODE_SIGN_ENTITLEMENTS = RendezvousILWidgets/RendezvousILWidgets.entitlements;
				CODE_SIGN_STYLE = Automatic;
				CURRENT_PROJECT_VERSION = 210;
				DEVELOPMENT_TEAM = F5HPRRCC5H;
				GENERATE_INFOPLIST_FILE = YES;
				INFOPLIST_FILE = RendezvousILWidgets/Info.plist;
				INFOPLIST_KEY_CFBundleDisplayName = "Rendezvous Widgets";
				INFOPLIST_KEY_NSSupportsLiveActivities = YES;
				LD_RUNPATH_SEARCH_PATHS = (
					"$(inherited)",
					"@executable_path/Frameworks",
					"@executable_path/../../Frameworks",
				);
				MARKETING_VERSION = 2.0.7;
				PRODUCT_BUNDLE_IDENTIFIER = com.rendezvousil.braddcorp.app.widgets;
				PRODUCT_NAME = RendezvousILWidgets;
				SDKROOT = iphoneos;
				SKIP_INSTALL = YES;
				TARGETED_DEVICE_FAMILY = "1,2";
			};
			name = Release;
		};
		F29B1C4218106FA1A9A89A99 /* Release */ = {
			isa = XCBuildConfiguration;
			buildSettings = {
				CODE_SIGN_ENTITLEMENTS = RendezvousILNotificationService/RendezvousILNotificationService.entitlements;
				CODE_SIGN_STYLE = Automatic;
				CURRENT_PROJECT_VERSION = 210;
				DEVELOPMENT_TEAM = F5HPRRCC5H;
				GENERATE_INFOPLIST_FILE = YES;
				INFOPLIST_FILE = RendezvousILNotificationService/Info.plist;
				INFOPLIST_KEY_CFBundleDisplayName = "Rendezvous Notifications";
				LD_RUNPATH_SEARCH_PATHS = "$(inherited) @executable_path/Frameworks @executable_path/../../Frameworks";
				MARKETING_VERSION = 2.0.7;
				PRODUCT_BUNDLE_IDENTIFIER = "com.rendezvousil.braddcorp.app.notification-service";
				PRODUCT_NAME = RendezvousILNotificationService;
				SDKROOT = iphoneos;
				SKIP_INSTALL = YES;
				TARGETED_DEVICE_FAMILY = "1,2";
			};
			name = Release;
		};
		F8122583B54F4443475E1AD8 /* Debug */ = {
			isa = XCBuildConfiguration;
			baseConfigurationReference = "TEMP_0F49C0FB-0F9F-4DCF-AA38-BA6F50DAA353" /* Config.xcconfig */;
			buildSettings = {
				APS_ENVIRONMENT = development;
				ASSETCATALOG_COMPILER_APPICON_NAME = AppIcon;
				CODE_SIGN_ENTITLEMENTS = RendezvousIL/RendezvousIL.entitlements;
				CODE_SIGN_IDENTITY = "iPhone Developer";
				CODE_SIGN_STYLE = Automatic;
				CURRENT_PROJECT_VERSION = 210;
				DEVELOPMENT_TEAM = F5HPRRCC5H;
				INFOPLIST_FILE = RendezvousIL/Info.plist;
				LD_RUNPATH_SEARCH_PATHS = (
					"$(inherited)",
					"@executable_path/Frameworks",
				);
				MARKETING_VERSION = 2.0.7;
				PRODUCT_BUNDLE_IDENTIFIER = com.rendezvousil.braddcorp.app;
				PRODUCT_NAME = "Rendezvous IL";
				SDKROOT = iphoneos;
				TARGETED_DEVICE_FAMILY = "1,2";
			};
			name = Debug;
		};
/* End XCBuildConfiguration section */

/* Begin XCConfigurationList section */
		3E17A8E192A324ED10855592 /* Build configuration list for PBXNativeTarget "RendezvousILNotificationService" */ = {
			isa = XCConfigurationList;
			buildConfigurations = (
				2326BB3CE89C431000EE93A4 /* Debug */,
				F29B1C4218106FA1A9A89A99 /* Release */,
			);
			defaultConfigurationIsVisible = 0;
			defaultConfigurationName = Debug;
		};
		49F3F32F7E9A30DD75AE21F4 /* Build configuration list for PBXNativeTarget "RendezvousIL" */ = {
			isa = XCConfigurationList;
			buildConfigurations = (
				F8122583B54F4443475E1AD8 /* Debug */,
				7ADBCEC1B448B95857681847 /* Release */,
			);
			defaultConfigurationIsVisible = 0;
			defaultConfigurationName = Debug;
		};
		7B4B6796F4F4B5FA71C42206 /* Build configuration list for PBXProject "RendezvousIL" */ = {
			isa = XCConfigurationList;
			buildConfigurations = (
				05AEA242461681A32368AFE3 /* Debug */,
				801435EE24908AB3115185FE /* Release */,
			);
			defaultConfigurationIsVisible = 0;
			defaultConfigurationName = Debug;
		};
		FEC94BC5079D29F3BC68D7CE /* Build configuration list for PBXNativeTarget "RendezvousILWidgets" */ = {
			isa = XCConfigurationList;
			buildConfigurations = (
				43045B91FFC57488544B79C3 /* Debug */,
				AD08DC41FDAFB9947F96DC7B /* Release */,
			);
			defaultConfigurationIsVisible = 0;
			defaultConfigurationName = Debug;
		};
/* End XCConfigurationList section */

/* Begin XCRemoteSwiftPackageReference section */
		4F0D6BE94C5B948D2C52CBAE /* XCRemoteSwiftPackageReference "ably-cocoa" */ = {
			isa = XCRemoteSwiftPackageReference;
			repositoryURL = "https://github.com/ably/ably-cocoa";
			requirement = {
				kind = upToNextMajorVersion;
				minimumVersion = 1.2.40;
			};
		};
		8BE6164CA8C450318815E3A6 /* XCRemoteSwiftPackageReference "clerk-ios" */ = {
			isa = XCRemoteSwiftPackageReference;
			repositoryURL = "https://github.com/clerk/clerk-ios";
			requirement = {
				kind = upToNextMajorVersion;
				minimumVersion = 0.59.0;
			};
		};
/* End XCRemoteSwiftPackageReference section */

/* Begin XCSwiftPackageProductDependency section */
		8BFDB483F89DC80A4A25F1E1 /* Ably */ = {
			isa = XCSwiftPackageProductDependency;
			package = 4F0D6BE94C5B948D2C52CBAE /* XCRemoteSwiftPackageReference "ably-cocoa" */;
			productName = Ably;
		};
		F7380DA0009DE9DED43BE6B1 /* Clerk */ = {
			isa = XCSwiftPackageProductDependency;
			package = 8BE6164CA8C450318815E3A6 /* XCRemoteSwiftPackageReference "clerk-ios" */;
			productName = Clerk;
		};
/* End XCSwiftPackageProductDependency section */
	};
	rootObject = FE69E26B226A464F1D47C839 /* Project object */;
}
